
Microsoft Visual Studio Solution File, Format Version 12.00
# Visual Studio Version 16
VisualStudioVersion = 16.0.30225.117
MinimumVisualStudioVersion = 10.0.40219.1
Project("{9A19103F-16F7-4668-BE54-9A1E7A4F7556}") = "Puchamon", "Puchamon.csproj", "{D68CFC1F-B8A8-43C6-B9E2-DF7A2D08D30A}"
EndProject
Global
	GlobalSection(SolutionConfigurationPlatforms) = preSolution
		Debug|Any CPU = Debug|Any CPU
		Debug|x64 = Debug|x64
		Release|Any CPU = Release|Any CPU
		Release|x64 = Release|x64
		Test|Any CPU = Test|Any CPU
		Test|x64 = Test|x64
	EndGlobalSection
	GlobalSection(ProjectConfigurationPlatforms) = postSolution
		{D68CFC1F-B8A8-43C6-B9E2-DF7A2D08D30A}.Debug|Any CPU.ActiveCfg = Debug|Any CPU
		{D68CFC1F-B8A8-43C6-B9E2-DF7A2D08D30A}.Debug|Any CPU.Build.0 = Debug|Any CPU
		{D68CFC1F-B8A8-43C6-B9E2-DF7A2D08D30A}.Debug|x64.ActiveCfg = Debug|x64
		{D68CFC1F-B8A8-43C6-B9E2-DF7A2D08D30A}.Debug|x64.Build.0 = Debug|x64
		{D68CFC1F-B8A8-43C6-B9E2-DF7A2D08D30A}.Release|Any CPU.ActiveCfg = Release|Any CPU
		{D68CFC1F-B8A8-43C6-B9E2-DF7A2D08D30A}.Release|Any CPU.Build.0 = Release|Any CPU
		{D68CFC1F-B8A8-43C6-B9E2-DF7A2D08D30A}.Release|x64.ActiveCfg = Release|x64
		{D68CFC1F-B8A8-43C6-B9E2-DF7A2D08D30A}.Release|x64.Build.0 = Release|x64
		{D68CFC1F-B8A8-43C6-B9E2-DF7A2D08D30A}.Test|Any CPU.ActiveCfg = Test|Any CPU
		{D68CFC1F-B8A8-43C6-B9E2-DF7A2D08D30A}.Test|Any CPU.Build.0 = Test|Any CPU
		{D68CFC1F-B8A8-43C6-B9E2-DF7A2D08D30A}.Test|x64.ActiveCfg = Test|x64
		{D68CFC1F-B8A8-43C6-B9E2-DF7A2D08D30A}.Test|x64.Build.0 = Test|x64
	EndGlobalSection
	GlobalSection(SolutionProperties) = preSolution
		HideSolutionNode = FALSE
	EndGlobalSection
	GlobalSection(ExtensibilityGlobals) = postSolution
		SolutionGuid = {05A50148-9932-4BF8-95E2-072E0FD097EA}
	EndGlobalSection
EndGlobal
